
Microsoft Visual Studio Solution File, Format Version 12.00
# Visual Studio 15
VisualStudioVersion = 15.0.27703.2000
MinimumVisualStudioVersion = 10.0.40219.1
Project("{8BC9CEB8-8B4A-11D0-8D11-00A0C91BC942}") = "KickOS", "KickOS.vcxproj", "{AA4D4E0C-5B62-4777-97D9-59739F52A9A6}"
EndProject
Global
	GlobalSection(SolutionConfigurationPlatforms) = preSolution
		Debug|x86 = Debug|x86
		Release|x86 = Release|x86
	EndGlobalSection
	GlobalSection(ProjectConfigurationPlatforms) = postSolution
		{AA4D4E0C-5B62-4777-97D9-59739F52A9A6}.Debug|x64.ActiveCfg = Debug|Win32
		{AA4D4E0C-5B62-4777-97D9-59739F52A9A6}.Debug|x86.ActiveCfg = Debug|Win32
		{AA4D4E0C-5B62-4777-97D9-59739F52A9A6}.Debug|x86.Build.0 = Debug|Win32
		{AA4D4E0C-5B62-4777-97D9-59739F52A9A6}.Release|x64.ActiveCfg = Release|Win32
		{AA4D4E0C-5B62-4777-97D9-59739F52A9A6}.Release|x86.ActiveCfg = Release|Win32
		{AA4D4E0C-5B62-4777-97D9-59739F52A9A6}.Release|x86.Build.0 = Release|Win32
	EndGlobalSection
	GlobalSection(SolutionProperties) = preSolution
		HideSolutionNode = FALSE
	EndGlobalSection
	GlobalSection(ExtensibilityGlobals) = postSolution
		SolutionGuid = {4AB4A46C-1F11-45EE-9600-0B2CAE2C272A}
	EndGlobalSection
EndGlobal
